<Solution>
  <Folder Name="/1.Presentaciones/" />
  <Folder Name="/2. Servicios/">
    <Project Path="ASP_ServiciosAuto/ASP_ServiciosAuto.csproj" Id="59e03436-18c1-4b45-a77c-bee7bd3dd47d" />
    <Project Path="Lib_Negocio_Autos/Lib_Negocio_Autos.csproj" />
  </Folder>
  <Folder Name="/3. Unitarias/">
    <Project Path="Lib_Unitarias_Autos/Lib_Unitarias_Autos.csproj" Id="b13fbc33-48fb-4632-80e6-5b3cbf0cd2b8" />
  </Folder>
</Solution>
